// !$*UTF8*$!
{
	archiveVersion = 1;
	classes = {
	};
	objectVersion = 46;
	objects = {

/* Begin PBXBuildFile section */
		C50B1D18170564C9006CAD86 /* HHfirst.m in Sources */ = {isa = PBXBuildFile; fileRef = C50B1D17170564C9006CAD86 /* HHfirst.m */; };
		C5F4D4E91705606000D96073 /* UIKit.framework in Frameworks */ = {isa = PBXBuildFile; fileRef = C5F4D4E81705606000D96073 /* UIKit.framework */; };
		C5F4D4EB1705606000D96073 /* Foundation.framework in Frameworks */ = {isa = PBXBuildFile; fileRef = C5F4D4EA1705606000D96073 /* Foundation.framework */; };
		C5F4D4ED1705606000D96073 /* CoreGraphics.framework in Frameworks */ = {isa = PBXBuildFile; fileRef = C5F4D4EC1705606000D96073 /* CoreGraphics.framework */; };
		C5F4D4F31705606000D96073 /* InfoPlist.strings in Resources */ = {isa = PBXBuildFile; fileRef = C5F4D4F11705606000D96073 /* InfoPlist.strings */; };
		C5F4D4F51705606000D96073 /* main.m in Sources */ = {isa = PBXBuildFile; fileRef = C5F4D4F41705606000D96073 /* main.m */; };
		C5F4D4F91705606000D96073 /* HHAppDelegate.m in Sources */ = {isa = PBXBuildFile; fileRef = C5F4D4F81705606000D96073 /* HHAppDelegate.m */; };
		C5F4D4FB1705606000D96073 /* Default.png in Resources */ = {isa = PBXBuildFile; fileRef = C5F4D4FA1705606000D96073 /* Default.png */; };
		C5F4D4FD1705606000D96073 /* Default@2x.png in Resources */ = {isa = PBXBuildFile; fileRef = C5F4D4FC1705606000D96073 /* Default@2x.png */; };
		C5F4D4FF1705606000D96073 /* Default-568h@2x.png in Resources */ = {isa = PBXBuildFile; fileRef = C5F4D4FE1705606000D96073 /* Default-568h@2x.png */; };
		C5F4D5021705606000D96073 /* MainStoryboard_iPhone.storyboard in Resources */ = {isa = PBXBuildFile; fileRef = C5F4D5001705606000D96073 /* MainStoryboard_iPhone.storyboard */; };
		C5F4D5051705606000D96073 /* MainStoryboard_iPad.storyboard in Resources */ = {isa = PBXBuildFile; fileRef = C5F4D5031705606000D96073 /* MainStoryboard_iPad.storyboard */; };
		C5F4D5081705606000D96073 /* HHViewController.m in Sources */ = {isa = PBXBuildFile; fileRef = C5F4D5071705606000D96073 /* HHViewController.m */; };
/* End PBXBuildFile section */

/* Begin PBXFileReference section */
		C50B1D16170564C9006CAD86 /* HHfirst.h */ = {isa = PBXFileReference; fileEncoding = 4; lastKnownFileType = sourcecode.c.h; path = HHfirst.h; sourceTree = "<group>"; };
		C50B1D17170564C9006CAD86 /* HHfirst.m */ = {isa = PBXFileReference; fileEncoding = 4; lastKnownFileType = sourcecode.c.objc; path = HHfirst.m; sourceTree = "<group>"; };
		C5F4D4E51705606000D96073 /* Test.app */ = {isa = PBXFileReference; explicitFileType = wrapper.application; includeInIndex = 0; path = Test.app; sourceTree = BUILT_PRODUCTS_DIR; };
		C5F4D4E81705606000D96073 /* UIKit.framework */ = {isa = PBXFileReference; lastKnownFileType = wrapper.framework; name = UIKit.framework; path = System/Library/Frameworks/UIKit.framework; sourceTree = SDKROOT; };
		C5F4D4EA1705606000D96073 /* Foundation.framework */ = {isa = PBXFileReference; lastKnownFileType = wrapper.framework; name = Foundation.framework; path = System/Library/Frameworks/Foundation.framework; sourceTree = SDKROOT; };
		C5F4D4EC1705606000D96073 /* CoreGraphics.framework */ = {isa = PBXFileReference; lastKnownFileType = wrapper.framework; name = CoreGraphics.framework; path = System/Library/Frameworks/CoreGraphics.framework; sourceTree = SDKROOT; };
		C5F4D4F01705606000D96073 /* Test-Info.plist */ = {isa = PBXFileReference; lastKnownFileType = text.plist.xml; path = "Test-Info.plist"; sourceTree = "<group>"; };
		C5F4D4F21705606000D96073 /* en */ = {isa = PBXFileReference; lastKnownFileType = text.plist.strings; name = en; path = en.lproj/InfoPlist.strings; sourceTree = "<group>"; };
		C5F4D4F41705606000D96073 /* main.m */ = {isa = PBXFileReference; lastKnownFileType = sourcecode.c.objc; path = main.m; sourceTree = "<group>"; };
		C5F4D4F61705606000D96073 /* Test-Prefix.pch */ = {isa = PBXFileReference; lastKnownFileType = sourcecode.c.h; path = "Test-Prefix.pch"; sourceTree = "<group>"; };
		C5F4D4F71705606000D96073 /* HHAppDelegate.h */ = {isa = PBXFileReference; lastKnownFileType = sourcecode.c.h; path = HHAppDelegate.h; sourceTree = "<group>"; };
		C5F4D4F81705606000D96073 /* HHAppDelegate.m */ = {isa = PBXFileReference; lastKnownFileType = sourcecode.c.objc; path = HHAppDelegate.m; sourceTree = "<group>"; };
		C5F4D4FA1705606000D96073 /* Default.png */ = {isa = PBXFileReference; lastKnownFileType = image.png; path = Default.png; sourceTree = "<group>"; };
		C5F4D4FC1705606000D96073 /* Default@2x.png */ = {isa = PBXFileReference; lastKnownFileType = image.png; path = "Default@2x.png"; sourceTree = "<group>"; };
		C5F4D4FE1705606000D96073 /* Default-568h@2x.png */ = {isa = PBXFileReference; lastKnownFileType = image.png; path = "Default-568h@2x.png"; sourceTree = "<group>"; };
		C5F4D5011705606000D96073 /* en */ = {isa = PBXFileReference; lastKnownFileType = file.storyboard; name = en; path = en.lproj/MainStoryboard_iPhone.storyboard; sourceTree = "<group>"; };
		C5F4D5041705606000D96073 /* en */ = {isa = PBXFileReference; lastKnownFileType = file.storyboard; name = en; path = en.lproj/MainStoryboard_iPad.storyboard; sourceTree = "<group>"; };
		C5F4D5061705606000D96073 /* HHViewController.h */ = {isa = PBXFileReference; lastKnownFileType = sourcecode.c.h; path = HHViewController.h; sourceTree = "<group>"; };
		C5F4D5071705606000D96073 /* HHViewController.m */ = {isa = PBXFileReference; lastKnownFileType = sourcecode.c.objc; path = HHViewController.m; sourceTree = "<group>"; };
/* End PBXFileReference section */

/* Begin PBXFrameworksBuildPhase section */
		C5F4D4E21705606000D96073 /* Frameworks */ = {
			isa = PBXFrameworksBuildPhase;
			buildActionMask = 2147483647;
			files = (
				C5F4D4E91705606000D96073 /* UIKit.framework in Frameworks */,
				C5F4D4EB1705606000D96073 /* Foundation.framework in Frameworks */,
				C5F4D4ED1705606000D96073 /* CoreGraphics.framework in Frameworks */,
			);
			runOnlyForDeploymentPostprocessing = 0;
		};
/* End PBXFrameworksBuildPhase section */

/* Begin PBXGroup section */
		C5F4D4DC1705606000D96073 = {
			isa = PBXGroup;
			children = (
				C5F4D4EE1705606000D96073 /* Test */,
				C5F4D4E71705606000D96073 /* Frameworks */,
				C5F4D4E61705606000D96073 /* Products */,
			);
			sourceTree = "<group>";
		};
		C5F4D4E61705606000D96073 /* Products */ = {
			isa = PBXGroup;
			children = (
				C5F4D4E51705606000D96073 /* Test.app */,
			);
			name = Products;
			sourceTree = "<group>";
		};
		C5F4D4E71705606000D96073 /* Frameworks */ = {
			isa = PBXGroup;
			children = (
				C5F4D4E81705606000D96073 /* UIKit.framework */,
				C5F4D4EA1705606000D96073 /* Foundation.framework */,
				C5F4D4EC1705606000D96073 /* CoreGraphics.framework */,
			);
			name = Frameworks;
			sourceTree = "<group>";
		};
		C5F4D4EE1705606000D96073 /* Test */ = {
			isa = PBXGroup;
			children = (
				C5F4D4F71705606000D96073 /* HHAppDelegate.h */,
				C5F4D4F81705606000D96073 /* HHAppDelegate.m */,
				C5F4D5001705606000D96073 /* MainStoryboard_iPhone.storyboard */,
				C5F4D5031705606000D96073 /* MainStoryboard_iPad.storyboard */,
				C5F4D5061705606000D96073 /* HHViewController.h */,
				C5F4D5071705606000D96073 /* HHViewController.m */,
				C5F4D4EF1705606000D96073 /* Supporting Files */,
				C50B1D16170564C9006CAD86 /* HHfirst.h */,
				C50B1D17170564C9006CAD86 /* HHfirst.m */,
			);
			path = Test;
			sourceTree = "<group>";
		};
		C5F4D4EF1705606000D96073 /* Supporting Files */ = {
			isa = PBXGroup;
			children = (
				C5F4D4F01705606000D96073 /* Test-Info.plist */,
				C5F4D4F11705606000D96073 /* InfoPlist.strings */,
				C5F4D4F41705606000D96073 /* main.m */,
				C5F4D4F61705606000D96073 /* Test-Prefix.pch */,
				C5F4D4FA1705606000D96073 /* Default.png */,
				C5F4D4FC1705606000D96073 /* Default@2x.png */,
				C5F4D4FE1705606000D96073 /* Default-568h@2x.png */,
			);
			name = "Supporting Files";
			sourceTree = "<group>";
		};
/* End PBXGroup section */

/* Begin PBXNativeTarget section */
		C5F4D4E41705606000D96073 /* Test */ = {
			isa = PBXNativeTarget;
			buildConfigurationList = C5F4D50B1705606000D96073 /* Build configuration list for PBXNativeTarget "Test" */;
			buildPhases = (
				C5F4D4E11705606000D96073 /* Sources */,
				C5F4D4E21705606000D96073 /* Frameworks */,
				C5F4D4E31705606000D96073 /* Resources */,
			);
			buildRules = (
			);
			dependencies = (
			);
			name = Test;
			productName = Test;
			productReference = C5F4D4E51705606000D96073 /* Test.app */;
			productType = "com.apple.product-type.application";
		};
/* End PBXNativeTarget section */

/* Begin PBXProject section */
		C5F4D4DD1705606000D96073 /* Project object */ = {
			isa = PBXProject;
			attributes = {
				CLASSPREFIX = HH;
				LastUpgradeCheck = 0460;
				ORGANIZATIONNAME = betty;
			};
			buildConfigurationList = C5F4D4E01705606000D96073 /* Build configuration list for PBXProject "Test" */;
			compatibilityVersion = "Xcode 3.2";
			developmentRegion = English;
			hasScannedForEncodings = 0;
			knownRegions = (
				en,
			);
			mainGroup = C5F4D4DC1705606000D96073;
			productRefGroup = C5F4D4E61705606000D96073 /* Products */;
			projectDirPath = "";
			projectRoot = "";
			targets = (
				C5F4D4E41705606000D96073 /* Test */,
			);
		};
/* End PBXProject section */

/* Begin PBXResourcesBuildPhase section */
		C5F4D4E31705606000D96073 /* Resources */ = {
			isa = PBXResourcesBuildPhase;
			buildActionMask = 2147483647;
			files = (
				C5F4D4F31705606000D96073 /* InfoPlist.strings in Resources */,
				C5F4D4FB1705606000D96073 /* Default.png in Resources */,
				C5F4D4FD1705606000D96073 /* Default@2x.png in Resources */,
				C5F4D4FF1705606000D96073 /* Default-568h@2x.png in Resources */,
				C5F4D5021705606000D96073 /* MainStoryboard_iPhone.storyboard in Resources */,
				C5F4D5051705606000D96073 /* MainStoryboard_iPad.storyboard in Resources */,
			);
			runOnlyForDeploymentPostprocessing = 0;
		};
/* End PBXResourcesBuildPhase section */

/* Begin PBXSourcesBuildPhase section */
		C5F4D4E11705606000D96073 /* Sources */ = {
			isa = PBXSourcesBuildPhase;
			buildActionMask = 2147483647;
			files = (
				C5F4D4F51705606000D96073 /* main.m in Sources */,
				C5F4D4F91705606000D96073 /* HHAppDelegate.m in Sources */,
				C5F4D5081705606000D96073 /* HHViewController.m in Sources */,
				C50B1D18170564C9006CAD86 /* HHfirst.m in Sources */,
			);
			runOnlyForDeploymentPostprocessing = 0;
		};
/* End PBXSourcesBuildPhase section */

/* Begin PBXVariantGroup section */
		C5F4D4F11705606000D96073 /* InfoPlist.strings */ = {
			isa = PBXVariantGroup;
			children = (
				C5F4D4F21705606000D96073 /* en */,
			);
			name = InfoPlist.strings;
			sourceTree = "<group>";
		};
		C5F4D5001705606000D96073 /* MainStoryboard_iPhone.storyboard */ = {
			isa = PBXVariantGroup;
			children = (
				C5F4D5011705606000D96073 /* en */,
			);
			name = MainStoryboard_iPhone.storyboard;
			sourceTree = "<group>";
		};
		C5F4D5031705606000D96073 /* MainStoryboard_iPad.storyboard */ = {
			isa = PBXVariantGroup;
			children = (
				C5F4D5041705606000D96073 /* en */,
			);
			name = MainStoryboard_iPad.storyboard;
			sourceTree = "<group>";
		};
/* End PBXVariantGroup section */

/* Begin XCBuildConfiguration section */
		C5F4D5091705606000D96073 /* Debug */ = {
			isa = XCBuildConfiguration;
			buildSettings = {
				ALWAYS_SEARCH_USER_PATHS = NO;
				CLANG_CXX_LANGUAGE_STANDARD = "gnu++0x";
				CLANG_CXX_LIBRARY = "libc++";
				CLANG_WARN_CONSTANT_CONVERSION = YES;
				CLANG_WARN_EMPTY_BODY = YES;
				CLANG_WARN_ENUM_CONVERSION = YES;
				CLANG_WARN_INT_CONVERSION = YES;
				CLANG_WARN__DUPLICATE_METHOD_MATCH = YES;
				"CODE_SIGN_IDENTITY[sdk=iphoneos*]" = "iPhone Developer";
				COPY_PHASE_STRIP = NO;
				GCC_C_LANGUAGE_STANDARD = gnu99;
				GCC_DYNAMIC_NO_PIC = NO;
				GCC_OPTIMIZATION_LEVEL = 0;
				GCC_PREPROCESSOR_DEFINITIONS = (
					"DEBUG=1",
					"$(inherited)",
				);
				GCC_SYMBOLS_PRIVATE_EXTERN = NO;
				GCC_WARN_ABOUT_RETURN_TYPE = YES;
				GCC_WARN_UNINITIALIZED_AUTOS = YES;
				GCC_WARN_UNUSED_VARIABLE = YES;
				IPHONEOS_DEPLOYMENT_TARGET = 6.1;
				ONLY_ACTIVE_ARCH = YES;
				SDKROOT = iphoneos;
				TARGETED_DEVICE_FAMILY = "1,2";
			};
			name = Debug;
		};
		C5F4D50A1705606000D96073 /* Release */ = {
			isa = XCBuildConfiguration;
			buildSettings = {
				ALWAYS_SEARCH_USER_PATHS = NO;
				CLANG_CXX_LANGUAGE_STANDARD = "gnu++0x";
				CLANG_CXX_LIBRARY = "libc++";
				CLANG_WARN_CONSTANT_CONVERSION = YES;
				CLANG_WARN_EMPTY_BODY = YES;
				CLANG_WARN_ENUM_CONVERSION = YES;
				CLANG_WARN_INT_CONVERSION = YES;
				CLANG_WARN__DUPLICATE_METHOD_MATCH = YES;
				"CODE_SIGN_IDENTITY[sdk=iphoneos*]" = "iPhone Developer";
				COPY_PHASE_STRIP = YES;
				GCC_C_LANGUAGE_STANDARD = gnu99;
				GCC_WARN_ABOUT_RETURN_TYPE = YES;
				GCC_WARN_UNINITIALIZED_AUTOS = YES;
				GCC_WARN_UNUSED_VARIABLE = YES;
				IPHONEOS_DEPLOYMENT_TARGET = 6.1;
				OTHER_CFLAGS = "-DNS_BLOCK_ASSERTIONS=1";
				SDKROOT = iphoneos;
				TARGETED_DEVICE_FAMILY = "1,2";
				VALIDATE_PRODUCT = YES;
			};
			name = Release;
		};
		C5F4D50C1705606000D96073 /* Debug */ = {
			isa = XCBuildConfiguration;
			buildSettings = {
				GCC_PRECOMPILE_PREFIX_HEADER = YES;
				GCC_PREFIX_HEADER = "Test/Test-Prefix.pch";
				INFOPLIST_FILE = "Test/Test-Info.plist";
				PRODUCT_NAME = "$(TARGET_NAME)";
				WRAPPER_EXTENSION = app;
			};
			name = Debug;
		};
		C5F4D50D1705606000D96073 /* Release */ = {
			isa = XCBuildConfiguration;
			buildSettings = {
				GCC_PRECOMPILE_PREFIX_HEADER = YES;
				GCC_PREFIX_HEADER = "Test/Test-Prefix.pch";
				INFOPLIST_FILE = "Test/Test-Info.plist";
				PRODUCT_NAME = "$(TARGET_NAME)";
				WRAPPER_EXTENSION = app;
			};
			name = Release;
		};
/* End XCBuildConfiguration section */

/* Begin XCConfigurationList section */
		C5F4D4E01705606000D96073 /* Build configuration list for PBXProject "Test" */ = {
			isa = XCConfigurationList;
			buildConfigurations = (
				C5F4D5091705606000D96073 /* Debug */,
				C5F4D50A1705606000D96073 /* Release */,
			);
			defaultConfigurationIsVisible = 0;
			defaultConfigurationName = Release;
		};
		C5F4D50B1705606000D96073 /* Build configuration list for PBXNativeTarget "Test" */ = {
			isa = XCConfigurationList;
			buildConfigurations = (
				C5F4D50C1705606000D96073 /* Debug */,
				C5F4D50D1705606000D96073 /* Release */,
			);
			defaultConfigurationIsVisible = 0;
			defaultConfigurationName = Release;
		};
/* End XCConfigurationList section */
	};
	rootObject = C5F4D4DD1705606000D96073 /* Project object */;
}
